// !$*UTF8*$!
{
	archiveVersion = 1;
	classes = {
	};
	objectVersion = 55;
	objects = {

/* Begin PBXBuildFile section */
		C44670422968331800BB795F /* Launch Screen.storyboard in Resources */ = {isa = PBXBuildFile; fileRef = C44670412968331800BB795F /* Launch Screen.storyboard */; };
		C48DED09295D70F100B0D253 /* Game2SeeApp.swift in Sources */ = {isa = PBXBuildFile; fileRef = C48DED08295D70F100B0D253 /* Game2SeeApp.swift */; };
		C48DED0B295D70F100B0D253 /* ContentView.swift in Sources */ = {isa = PBXBuildFile; fileRef = C48DED0A295D70F100B0D253 /* ContentView.swift */; };
		C48DED0D295D70F200B0D253 /* Assets.xcassets in Resources */ = {isa = PBXBuildFile; fileRef = C48DED0C295D70F200B0D253 /* Assets.xcassets */; };
		C48DED10295D70F200B0D253 /* Preview Assets.xcassets in Resources */ = {isa = PBXBuildFile; fileRef = C48DED0F295D70F200B0D253 /* Preview Assets.xcassets */; };
		C48DED17295D796800B0D253 /* MainResponseModel.swift in Sources */ = {isa = PBXBuildFile; fileRef = C48DED16295D796800B0D253 /* MainResponseModel.swift */; };
		C48DED19295D79A100B0D253 /* ConstantsApi.swift in Sources */ = {isa = PBXBuildFile; fileRef = C48DED18295D79A100B0D253 /* ConstantsApi.swift */; };
		C48DED1B295D9AAC00B0D253 /* Service.swift in Sources */ = {isa = PBXBuildFile; fileRef = C48DED1A295D9AAC00B0D253 /* Service.swift */; };
		C48DED1E295DAA8200B0D253 /* Kingfisher in Frameworks */ = {isa = PBXBuildFile; productRef = C48DED1D295DAA8200B0D253 /* Kingfisher */; };
		C48DED20295DADAE00B0D253 /* Date+Extension.swift in Sources */ = {isa = PBXBuildFile; fileRef = C48DED1F295DADAE00B0D253 /* Date+Extension.swift */; };
		C48DED22295DB79700B0D253 /* ViewModel.swift in Sources */ = {isa = PBXBuildFile; fileRef = C48DED21295DB79700B0D253 /* ViewModel.swift */; };
		C48DED24295DC0DE00B0D253 /* DetailResponseModel.swift in Sources */ = {isa = PBXBuildFile; fileRef = C48DED23295DC0DE00B0D253 /* DetailResponseModel.swift */; };
		C48DED2C295DC26E00B0D253 /* DetailPage.swift in Sources */ = {isa = PBXBuildFile; fileRef = C48DED2B295DC26E00B0D253 /* DetailPage.swift */; };
		C4F93E2B295ED3CF0052A6B2 /* UIApplication+Extension.swift in Sources */ = {isa = PBXBuildFile; fileRef = C4F93E2A295ED3CF0052A6B2 /* UIApplication+Extension.swift */; };
		C4F93E2F295EDA4A0052A6B2 /* DetailWebView.swift in Sources */ = {isa = PBXBuildFile; fileRef = C4F93E2E295EDA4A0052A6B2 /* DetailWebView.swift */; };
/* End PBXBuildFile section */

/* Begin PBXFileReference section */
		C44670412968331800BB795F /* Launch Screen.storyboard */ = {isa = PBXFileReference; lastKnownFileType = file.storyboard; path = "Launch Screen.storyboard"; sourceTree = "<group>"; };
		C48DED05295D70F100B0D253 /* Game2See.app */ = {isa = PBXFileReference; explicitFileType = wrapper.application; includeInIndex = 0; path = Game2See.app; sourceTree = BUILT_PRODUCTS_DIR; };
		C48DED08295D70F100B0D253 /* Game2SeeApp.swift */ = {isa = PBXFileReference; lastKnownFileType = sourcecode.swift; path = Game2SeeApp.swift; sourceTree = "<group>"; };
		C48DED0A295D70F100B0D253 /* ContentView.swift */ = {isa = PBXFileReference; lastKnownFileType = sourcecode.swift; path = ContentView.swift; sourceTree = "<group>"; };
		C48DED0C295D70F200B0D253 /* Assets.xcassets */ = {isa = PBXFileReference; lastKnownFileType = folder.assetcatalog; path = Assets.xcassets; sourceTree = "<group>"; };
		C48DED0F295D70F200B0D253 /* Preview Assets.xcassets */ = {isa = PBXFileReference; lastKnownFileType = folder.assetcatalog; path = "Preview Assets.xcassets"; sourceTree = "<group>"; };
		C48DED16295D796800B0D253 /* MainResponseModel.swift */ = {isa = PBXFileReference; lastKnownFileType = sourcecode.swift; path = MainResponseModel.swift; sourceTree = "<group>"; };
		C48DED18295D79A100B0D253 /* ConstantsApi.swift */ = {isa = PBXFileReference; lastKnownFileType = sourcecode.swift; path = ConstantsApi.swift; sourceTree = "<group>"; };
		C48DED1A295D9AAC00B0D253 /* Service.swift */ = {isa = PBXFileReference; lastKnownFileType = sourcecode.swift; path = Service.swift; sourceTree = "<group>"; };
		C48DED1F295DADAE00B0D253 /* Date+Extension.swift */ = {isa = PBXFileReference; lastKnownFileType = sourcecode.swift; path = "Date+Extension.swift"; sourceTree = "<group>"; };
		C48DED21295DB79700B0D253 /* ViewModel.swift */ = {isa = PBXFileReference; lastKnownFileType = sourcecode.swift; path = ViewModel.swift; sourceTree = "<group>"; };
		C48DED23295DC0DE00B0D253 /* DetailResponseModel.swift */ = {isa = PBXFileReference; lastKnownFileType = sourcecode.swift; path = DetailResponseModel.swift; sourceTree = "<group>"; };
		C48DED2B295DC26E00B0D253 /* DetailPage.swift */ = {isa = PBXFileReference; lastKnownFileType = sourcecode.swift; path = DetailPage.swift; sourceTree = "<group>"; };
		C4F93E2A295ED3CF0052A6B2 /* UIApplication+Extension.swift */ = {isa = PBXFileReference; lastKnownFileType = sourcecode.swift; path = "UIApplication+Extension.swift"; sourceTree = "<group>"; };
		C4F93E2E295EDA4A0052A6B2 /* DetailWebView.swift */ = {isa = PBXFileReference; lastKnownFileType = sourcecode.swift; path = DetailWebView.swift; sourceTree = "<group>"; };
/* End PBXFileReference section */

/* Begin PBXFrameworksBuildPhase section */
		C48DED02295D70F100B0D253 /* Frameworks */ = {
			isa = PBXFrameworksBuildPhase;
			buildActionMask = 2147483647;
			files = (
				C48DED1E295DAA8200B0D253 /* Kingfisher in Frameworks */,
			);
			runOnlyForDeploymentPostprocessing = 0;
		};
/* End PBXFrameworksBuildPhase section */

/* Begin PBXGroup section */
		C48DECFC295D70F100B0D253 = {
			isa = PBXGroup;
			children = (
				C48DED07295D70F100B0D253 /* Game2See */,
				C48DED06295D70F100B0D253 /* Products */,
			);
			sourceTree = "<group>";
		};
		C48DED06295D70F100B0D253 /* Products */ = {
			isa = PBXGroup;
			children = (
				C48DED05295D70F100B0D253 /* Game2See.app */,
			);
			name = Products;
			sourceTree = "<group>";
		};
		C48DED07295D70F100B0D253 /* Game2See */ = {
			isa = PBXGroup;
			children = (
				C48DED08295D70F100B0D253 /* Game2SeeApp.swift */,
				C48DED2A295DC16700B0D253 /* Constants */,
				C48DED27295DC13E00B0D253 /* Model */,
				C48DED28295DC14A00B0D253 /* Extension+ */,
				C48DED29295DC15B00B0D253 /* Service */,
				C4B32E2A296446600072951D /* ViewModel */,
				C4B32E2B2964468A0072951D /* HomePage */,
				C4B32E2C296446A10072951D /* DetailPage */,
				C44670412968331800BB795F /* Launch Screen.storyboard */,
				C48DED0C295D70F200B0D253 /* Assets.xcassets */,
				C48DED0E295D70F200B0D253 /* Preview Content */,
			);
			path = Game2See;
			sourceTree = "<group>";
		};
		C48DED0E295D70F200B0D253 /* Preview Content */ = {
			isa = PBXGroup;
			children = (
				C48DED0F295D70F200B0D253 /* Preview Assets.xcassets */,
			);
			path = "Preview Content";
			sourceTree = "<group>";
		};
		C48DED27295DC13E00B0D253 /* Model */ = {
			isa = PBXGroup;
			children = (
				C48DED16295D796800B0D253 /* MainResponseModel.swift */,
				C48DED23295DC0DE00B0D253 /* DetailResponseModel.swift */,
			);
			path = Model;
			sourceTree = "<group>";
		};
		C48DED28295DC14A00B0D253 /* Extension+ */ = {
			isa = PBXGroup;
			children = (
				C48DED1F295DADAE00B0D253 /* Date+Extension.swift */,
				C4F93E2A295ED3CF0052A6B2 /* UIApplication+Extension.swift */,
			);
			path = "Extension+";
			sourceTree = "<group>";
		};
		C48DED29295DC15B00B0D253 /* Service */ = {
			isa = PBXGroup;
			children = (
				C48DED1A295D9AAC00B0D253 /* Service.swift */,
			);
			path = Service;
			sourceTree = "<group>";
		};
		C48DED2A295DC16700B0D253 /* Constants */ = {
			isa = PBXGroup;
			children = (
				C48DED18295D79A100B0D253 /* ConstantsApi.swift */,
			);
			path = Constants;
			sourceTree = "<group>";
		};
		C4B32E2A296446600072951D /* ViewModel */ = {
			isa = PBXGroup;
			children = (
				C48DED21295DB79700B0D253 /* ViewModel.swift */,
			);
			path = ViewModel;
			sourceTree = "<group>";
		};
		C4B32E2B2964468A0072951D /* HomePage */ = {
			isa = PBXGroup;
			children = (
				C48DED0A295D70F100B0D253 /* ContentView.swift */,
			);
			path = HomePage;
			sourceTree = "<group>";
		};
		C4B32E2C296446A10072951D /* DetailPage */ = {
			isa = PBXGroup;
			children = (
				C48DED2B295DC26E00B0D253 /* DetailPage.swift */,
				C4F93E2E295EDA4A0052A6B2 /* DetailWebView.swift */,
			);
			path = DetailPage;
			sourceTree = "<group>";
		};
/* End PBXGroup section */

/* Begin PBXNativeTarget section */
		C48DED04295D70F100B0D253 /* Game2See */ = {
			isa = PBXNativeTarget;
			buildConfigurationList = C48DED13295D70F200B0D253 /* Build configuration list for PBXNativeTarget "Game2See" */;
			buildPhases = (
				C48DED01295D70F100B0D253 /* Sources */,
				C48DED02295D70F100B0D253 /* Frameworks */,
				C48DED03295D70F100B0D253 /* Resources */,
			);
			buildRules = (
			);
			dependencies = (
			);
			name = Game2See;
			packageProductDependencies = (
				C48DED1D295DAA8200B0D253 /* Kingfisher */,
			);
			productName = Game2See;
			productReference = C48DED05295D70F100B0D253 /* Game2See.app */;
			productType = "com.apple.product-type.application";
		};
/* End PBXNativeTarget section */

/* Begin PBXProject section */
		C48DECFD295D70F100B0D253 /* Project object */ = {
			isa = PBXProject;
			attributes = {
				BuildIndependentTargetsInParallel = 1;
				LastSwiftUpdateCheck = 1340;
				LastUpgradeCheck = 1340;
				TargetAttributes = {
					C48DED04295D70F100B0D253 = {
						CreatedOnToolsVersion = 13.4.1;
					};
				};
			};
			buildConfigurationList = C48DED00295D70F100B0D253 /* Build configuration list for PBXProject "Game2See" */;
			compatibilityVersion = "Xcode 13.0";
			developmentRegion = en;
			hasScannedForEncodings = 0;
			knownRegions = (
				en,
				Base,
			);
			mainGroup = C48DECFC295D70F100B0D253;
			packageReferences = (
				C48DED1C295DAA8200B0D253 /* XCRemoteSwiftPackageReference "Kingfisher" */,
			);
			productRefGroup = C48DED06295D70F100B0D253 /* Products */;
			projectDirPath = "";
			projectRoot = "";
			targets = (
				C48DED04295D70F100B0D253 /* Game2See */,
			);
		};
/* End PBXProject section */

/* Begin PBXResourcesBuildPhase section */
		C48DED03295D70F100B0D253 /* Resources */ = {
			isa = PBXResourcesBuildPhase;
			buildActionMask = 2147483647;
			files = (
				C44670422968331800BB795F /* Launch Screen.storyboard in Resources */,
				C48DED10295D70F200B0D253 /* Preview Assets.xcassets in Resources */,
				C48DED0D295D70F200B0D253 /* Assets.xcassets in Resources */,
			);
			runOnlyForDeploymentPostprocessing = 0;
		};
/* End PBXResourcesBuildPhase section */

/* Begin PBXSourcesBuildPhase section */
		C48DED01295D70F100B0D253 /* Sources */ = {
			isa = PBXSourcesBuildPhase;
			buildActionMask = 2147483647;
			files = (
				C48DED22295DB79700B0D253 /* ViewModel.swift in Sources */,
				C48DED19295D79A100B0D253 /* ConstantsApi.swift in Sources */,
				C48DED0B295D70F100B0D253 /* ContentView.swift in Sources */,
				C48DED1B295D9AAC00B0D253 /* Service.swift in Sources */,
				C48DED17295D796800B0D253 /* MainResponseModel.swift in Sources */,
				C4F93E2F295EDA4A0052A6B2 /* DetailWebView.swift in Sources */,
				C48DED09295D70F100B0D253 /* Game2SeeApp.swift in Sources */,
				C48DED2C295DC26E00B0D253 /* DetailPage.swift in Sources */,
				C48DED20295DADAE00B0D253 /* Date+Extension.swift in Sources */,
				C4F93E2B295ED3CF0052A6B2 /* UIApplication+Extension.swift in Sources */,
				C48DED24295DC0DE00B0D253 /* DetailResponseModel.swift in Sources */,
			);
			runOnlyForDeploymentPostprocessing = 0;
		};
/* End PBXSourcesBuildPhase section */

/* Begin XCBuildConfiguration section */
		C48DED11295D70F200B0D253 /* Debug */ = {
			isa = XCBuildConfiguration;
			buildSettings = {
				ALWAYS_SEARCH_USER_PATHS = NO;
				CLANG_ANALYZER_NONNULL = YES;
				CLANG_ANALYZER_NUMBER_OBJECT_CONVERSION = YES_AGGRESSIVE;
				CLANG_CXX_LANGUAGE_STANDARD = "gnu++17";
				CLANG_ENABLE_MODULES = YES;
				CLANG_ENABLE_OBJC_ARC = YES;
				CLANG_ENABLE_OBJC_WEAK = YES;
				CLANG_WARN_BLOCK_CAPTURE_AUTORELEASING = YES;
				CLANG_WARN_BOOL_CONVERSION = YES;
				CLANG_WARN_COMMA = YES;
				CLANG_WARN_CONSTANT_CONVERSION = YES;
				CLANG_WARN_DEPRECATED_OBJC_IMPLEMENTATIONS = YES;
				CLANG_WARN_DIRECT_OBJC_ISA_USAGE = YES_ERROR;
				CLANG_WARN_DOCUMENTATION_COMMENTS = YES;
				CLANG_WARN_EMPTY_BODY = YES;
				CLANG_WARN_ENUM_CONVERSION = YES;
				CLANG_WARN_INFINITE_RECURSION = YES;
				CLANG_WARN_INT_CONVERSION = YES;
				CLANG_WARN_NON_LITERAL_NULL_CONVERSION = YES;
				CLANG_WARN_OBJC_IMPLICIT_RETAIN_SELF = YES;
				CLANG_WARN_OBJC_LITERAL_CONVERSION = YES;
				CLANG_WARN_OBJC_ROOT_CLASS = YES_ERROR;
				CLANG_WARN_QUOTED_INCLUDE_IN_FRAMEWORK_HEADER = YES;
				CLANG_WARN_RANGE_LOOP_ANALYSIS = YES;
				CLANG_WARN_STRICT_PROTOTYPES = YES;
				CLANG_WARN_SUSPICIOUS_MOVE = YES;
				CLANG_WARN_UNGUARDED_AVAILABILITY = YES_AGGRESSIVE;
				CLANG_WARN_UNREACHABLE_CODE = YES;
				CLANG_WARN__DUPLICATE_METHOD_MATCH = YES;
				COPY_PHASE_STRIP = NO;
				DEBUG_INFORMATION_FORMAT = dwarf;
				ENABLE_STRICT_OBJC_MSGSEND = YES;
				ENABLE_TESTABILITY = YES;
				GCC_C_LANGUAGE_STANDARD = gnu11;
				GCC_DYNAMIC_NO_PIC = NO;
				GCC_NO_COMMON_BLOCKS = YES;
				GCC_OPTIMIZATION_LEVEL = 0;
				GCC_PREPROCESSOR_DEFINITIONS = (
					"DEBUG=1",
					"$(inherited)",
				);
				GCC_WARN_64_TO_32_BIT_CONVERSION = YES;
				GCC_WARN_ABOUT_RETURN_TYPE = YES_ERROR;
				GCC_WARN_UNDECLARED_SELECTOR = YES;
				GCC_WARN_UNINITIALIZED_AUTOS = YES_AGGRESSIVE;
				GCC_WARN_UNUSED_FUNCTION = YES;
				GCC_WARN_UNUSED_VARIABLE = YES;
				IPHONEOS_DEPLOYMENT_TARGET = 15.5;
				MTL_ENABLE_DEBUG_INFO = INCLUDE_SOURCE;
				MTL_FAST_MATH = YES;
				ONLY_ACTIVE_ARCH = YES;
				SDKROOT = iphoneos;
				SWIFT_ACTIVE_COMPILATION_CONDITIONS = DEBUG;
				SWIFT_OPTIMIZATION_LEVEL = "-Onone";
			};
			name = Debug;
		};
		C48DED12295D70F200B0D253 /* Release */ = {
			isa = XCBuildConfiguration;
			buildSettings = {
				ALWAYS_SEARCH_USER_PATHS = NO;
				CLANG_ANALYZER_NONNULL = YES;
				CLANG_ANALYZER_NUMBER_OBJECT_CONVERSION = YES_AGGRESSIVE;
				CLANG_CXX_LANGUAGE_STANDARD = "gnu++17";
				CLANG_ENABLE_MODULES = YES;
				CLANG_ENABLE_OBJC_ARC = YES;
				CLANG_ENABLE_OBJC_WEAK = YES;
				CLANG_WARN_BLOCK_CAPTURE_AUTORELEASING = YES;
				CLANG_WARN_BOOL_CONVERSION = YES;
				CLANG_WARN_COMMA = YES;
				CLANG_WARN_CONSTANT_CONVERSION = YES;
				CLANG_WARN_DEPRECATED_OBJC_IMPLEMENTATIONS = YES;
				CLANG_WARN_DIRECT_OBJC_ISA_USAGE = YES_ERROR;
				CLANG_WARN_DOCUMENTATION_COMMENTS = YES;
				CLANG_WARN_EMPTY_BODY = YES;
				CLANG_WARN_ENUM_CONVERSION = YES;
				CLANG_WARN_INFINITE_RECURSION = YES;
				CLANG_WARN_INT_CONVERSION = YES;
				CLANG_WARN_NON_LITERAL_NULL_CONVERSION = YES;
				CLANG_WARN_OBJC_IMPLICIT_RETAIN_SELF = YES;
				CLANG_WARN_OBJC_LITERAL_CONVERSION = YES;
				CLANG_WARN_OBJC_ROOT_CLASS = YES_ERROR;
				CLANG_WARN_QUOTED_INCLUDE_IN_FRAMEWORK_HEADER = YES;
				CLANG_WARN_RANGE_LOOP_ANALYSIS = YES;
				CLANG_WARN_STRICT_PROTOTYPES = YES;
				CLANG_WARN_SUSPICIOUS_MOVE = YES;
				CLANG_WARN_UNGUARDED_AVAILABILITY = YES_AGGRESSIVE;
				CLANG_WARN_UNREACHABLE_CODE = YES;
				CLANG_WARN__DUPLICATE_METHOD_MATCH = YES;
				COPY_PHASE_STRIP = NO;
				DEBUG_INFORMATION_FORMAT = "dwarf-with-dsym";
				ENABLE_NS_ASSERTIONS = NO;
				ENABLE_STRICT_OBJC_MSGSEND = YES;
				GCC_C_LANGUAGE_STANDARD = gnu11;
				GCC_NO_COMMON_BLOCKS = YES;
				GCC_WARN_64_TO_32_BIT_CONVERSION = YES;
				GCC_WARN_ABOUT_RETURN_TYPE = YES_ERROR;
				GCC_WARN_UNDECLARED_SELECTOR = YES;
				GCC_WARN_UNINITIALIZED_AUTOS = YES_AGGRESSIVE;
				GCC_WARN_UNUSED_FUNCTION = YES;
				GCC_WARN_UNUSED_VARIABLE = YES;
				IPHONEOS_DEPLOYMENT_TARGET = 15.5;
				MTL_ENABLE_DEBUG_INFO = NO;
				MTL_FAST_MATH = YES;
				SDKROOT = iphoneos;
				SWIFT_COMPILATION_MODE = wholemodule;
				SWIFT_OPTIMIZATION_LEVEL = "-O";
				VALIDATE_PRODUCT = YES;
			};
			name = Release;
		};
		C48DED14295D70F200B0D253 /* Debug */ = {
			isa = XCBuildConfiguration;
			buildSettings = {
				ASSETCATALOG_COMPILER_APPICON_NAME = AppIcon;
				ASSETCATALOG_COMPILER_GLOBAL_ACCENT_COLOR_NAME = AccentColor;
				CODE_SIGN_STYLE = Automatic;
				CURRENT_PROJECT_VERSION = 1;
				DEVELOPMENT_ASSET_PATHS = "\"Game2See/Preview Content\"";
				DEVELOPMENT_TEAM = 2K6R4XFXZB;
				ENABLE_PREVIEWS = YES;
				GENERATE_INFOPLIST_FILE = YES;
				INFOPLIST_KEY_UIApplicationSceneManifest_Generation = YES;
				INFOPLIST_KEY_UIApplicationSupportsIndirectInputEvents = YES;
				INFOPLIST_KEY_UILaunchScreen_Generation = YES;
				INFOPLIST_KEY_UILaunchStoryboardName = "Launch Screen";
				INFOPLIST_KEY_UIRequiresFullScreen = YES;
				INFOPLIST_KEY_UISupportedInterfaceOrientations = UIInterfaceOrientationPortrait;
				INFOPLIST_KEY_UISupportedInterfaceOrientations_iPad = UIInterfaceOrientationPortrait;
				INFOPLIST_KEY_UISupportedInterfaceOrientations_iPhone = UIInterfaceOrientationPortrait;
				LD_RUNPATH_SEARCH_PATHS = (
					"$(inherited)",
					"@executable_path/Frameworks",
				);
				MARKETING_VERSION = 0.1.0;
				PRODUCT_BUNDLE_IDENTIFIER = SezginCiftci.Game2See;
				PRODUCT_NAME = "$(TARGET_NAME)";
				SWIFT_EMIT_LOC_STRINGS = YES;
				SWIFT_VERSION = 5.0;
				TARGETED_DEVICE_FAMILY = "1,2";
			};
			name = Debug;
		};
		C48DED15295D70F200B0D253 /* Release */ = {
			isa = XCBuildConfiguration;
			buildSettings = {
				ASSETCATALOG_COMPILER_APPICON_NAME = AppIcon;
				ASSETCATALOG_COMPILER_GLOBAL_ACCENT_COLOR_NAME = AccentColor;
				CODE_SIGN_STYLE = Automatic;
				CURRENT_PROJECT_VERSION = 1;
				DEVELOPMENT_ASSET_PATHS = "\"Game2See/Preview Content\"";
				DEVELOPMENT_TEAM = 2K6R4XFXZB;
				ENABLE_PREVIEWS = YES;
				GENERATE_INFOPLIST_FILE = YES;
				INFOPLIST_KEY_UIApplicationSceneManifest_Generation = YES;
				INFOPLIST_KEY_UIApplicationSupportsIndirectInputEvents = YES;
				INFOPLIST_KEY_UILaunchScreen_Generation = YES;
				INFOPLIST_KEY_UILaunchStoryboardName = "Launch Screen";
				INFOPLIST_KEY_UIRequiresFullScreen = YES;
				INFOPLIST_KEY_UISupportedInterfaceOrientations = UIInterfaceOrientationPortrait;
				INFOPLIST_KEY_UISupportedInterfaceOrientations_iPad = UIInterfaceOrientationPortrait;
				INFOPLIST_KEY_UISupportedInterfaceOrientations_iPhone = UIInterfaceOrientationPortrait;
				LD_RUNPATH_SEARCH_PATHS = (
					"$(inherited)",
					"@executable_path/Frameworks",
				);
				MARKETING_VERSION = 0.1.0;
				PRODUCT_BUNDLE_IDENTIFIER = SezginCiftci.Game2See;
				PRODUCT_NAME = "$(TARGET_NAME)";
				SWIFT_EMIT_LOC_STRINGS = YES;
				SWIFT_VERSION = 5.0;
				TARGETED_DEVICE_FAMILY = "1,2";
			};
			name = Release;
		};
/* End XCBuildConfiguration section */

/* Begin XCConfigurationList section */
		C48DED00295D70F100B0D253 /* Build configuration list for PBXProject "Game2See" */ = {
			isa = XCConfigurationList;
			buildConfigurations = (
				C48DED11295D70F200B0D253 /* Debug */,
				C48DED12295D70F200B0D253 /* Release */,
			);
			defaultConfigurationIsVisible = 0;
			defaultConfigurationName = Release;
		};
		C48DED13295D70F200B0D253 /* Build configuration list for PBXNativeTarget "Game2See" */ = {
			isa = XCConfigurationList;
			buildConfigurations = (
				C48DED14295D70F200B0D253 /* Debug */,
				C48DED15295D70F200B0D253 /* Release */,
			);
			defaultConfigurationIsVisible = 0;
			defaultConfigurationName = Release;
		};
/* End XCConfigurationList section */

/* Begin XCRemoteSwiftPackageReference section */
		C48DED1C295DAA8200B0D253 /* XCRemoteSwiftPackageReference "Kingfisher" */ = {
			isa = XCRemoteSwiftPackageReference;
			repositoryURL = "https://github.com/onevcat/Kingfisher.git";
			requirement = {
				kind = upToNextMajorVersion;
				minimumVersion = 7.0.0;
			};
		};
/* End XCRemoteSwiftPackageReference section */

/* Begin XCSwiftPackageProductDependency section */
		C48DED1D295DAA8200B0D253 /* Kingfisher */ = {
			isa = XCSwiftPackageProductDependency;
			package = C48DED1C295DAA8200B0D253 /* XCRemoteSwiftPackageReference "Kingfisher" */;
			productName = Kingfisher;
		};
/* End XCSwiftPackageProductDependency section */
	};
	rootObject = C48DECFD295D70F100B0D253 /* Project object */;
}
